
Microsoft Visual Studio Solution File, Format Version 12.00
# Visual Studio Version 17
VisualStudioVersion = 17.1.32421.90
MinimumVisualStudioVersion = 10.0.40219.1
Project("{FAE04EC0-301F-11D3-BF4B-00C04F79EFBC}") = "ADO.NetAddressBook", "ADO.NetAddressBook\ADO.NetAddressBook.csproj", "{84A86247-670B-46C4-B3A6-41DFB9E8B2CE}"
EndProject
Global
	GlobalSection(SolutionConfigurationPlatforms) = preSolution
		Debug|Any CPU = Debug|Any CPU
		Release|Any CPU = Release|Any CPU
	EndGlobalSection
	GlobalSection(ProjectConfigurationPlatforms) = postSolution
		{84A86247-670B-46C4-B3A6-41DFB9E8B2CE}.Debug|Any CPU.ActiveCfg = Debug|Any CPU
		{84A86247-670B-46C4-B3A6-41DFB9E8B2CE}.Debug|Any CPU.Build.0 = Debug|Any CPU
		{84A86247-670B-46C4-B3A6-41DFB9E8B2CE}.Release|Any CPU.ActiveCfg = Release|Any CPU
		{84A86247-670B-46C4-B3A6-41DFB9E8B2CE}.Release|Any CPU.Build.0 = Release|Any CPU
	EndGlobalSection
	GlobalSection(SolutionProperties) = preSolution
		HideSolutionNode = FALSE
	EndGlobalSection
	GlobalSection(ExtensibilityGlobals) = postSolution
		SolutionGuid = {E1E7628D-9274-4D80-87D0-F329FB522B5D}
	EndGlobalSection
EndGlobal
